Microsoft Visual Studio Solution File, Format Version 12.00
# Visual Studio 2012
Project("{FAE04EC0-301F-11D3-BF4B-00C04F79EFBC}") = "Aeon", "Aeon.csproj", "{E37AB73B-8713-454B-BDC2-B71A3CFA4863}"
EndProject
Global
	GlobalSection(SolutionConfigurationPlatforms) = preSolution
	Debug|Any CPU = Debug|Any CPU
	ExportDebug|Any CPU = ExportDebug|Any CPU
	ExportRelease|Any CPU = ExportRelease|Any CPU
	EndGlobalSection
	GlobalSection(ProjectConfigurationPlatforms) = postSolution
		{E37AB73B-8713-454B-BDC2-B71A3CFA4863}.Debug|Any CPU.ActiveCfg = Debug|Any CPU
		{E37AB73B-8713-454B-BDC2-B71A3CFA4863}.Debug|Any CPU.Build.0 = Debug|Any CPU
		{E37AB73B-8713-454B-BDC2-B71A3CFA4863}.ExportDebug|Any CPU.ActiveCfg = ExportDebug|Any CPU
		{E37AB73B-8713-454B-BDC2-B71A3CFA4863}.ExportDebug|Any CPU.Build.0 = ExportDebug|Any CPU
		{E37AB73B-8713-454B-BDC2-B71A3CFA4863}.ExportRelease|Any CPU.ActiveCfg = ExportRelease|Any CPU
		{E37AB73B-8713-454B-BDC2-B71A3CFA4863}.ExportRelease|Any CPU.Build.0 = ExportRelease|Any CPU
	EndGlobalSection
EndGlobal
